
Microsoft Visual Studio Solution File, Format Version 12.00
# Visual Studio Version 17
VisualStudioVersion = 17.0.31903.59
MinimumVisualStudioVersion = 10.0.40219.1
Project("{9A19103F-16F7-4668-BE54-9A1E7A4F7556}") = "Homework.Web", "Homework.Web\Homework.Web.csproj", "{4A4457C2-CCA7-4297-A153-BD166CE3FF38}"
EndProject
Project("{9A19103F-16F7-4668-BE54-9A1E7A4F7556}") = "Homework.Web.Tests", "Homework.Web.Tests\Homework.Web.Tests.csproj", "{A1B50714-B9D4-431F-8F3B-E98BCA2FAE25}"
EndProject
Global
	GlobalSection(SolutionConfigurationPlatforms) = preSolution
		Debug|Any CPU = Debug|Any CPU
		Release|Any CPU = Release|Any CPU
	EndGlobalSection
	GlobalSection(ProjectConfigurationPlatforms) = postSolution
		{4A4457C2-CCA7-4297-A153-BD166CE3FF38}.Debug|Any CPU.ActiveCfg = Debug|Any CPU
		{4A4457C2-CCA7-4297-A153-BD166CE3FF38}.Debug|Any CPU.Build.0 = Debug|Any CPU
		{4A4457C2-CCA7-4297-A153-BD166CE3FF38}.Release|Any CPU.ActiveCfg = Release|Any CPU
		{4A4457C2-CCA7-4297-A153-BD166CE3FF38}.Release|Any CPU.Build.0 = Release|Any CPU
		{A1B50714-B9D4-431F-8F3B-E98BCA2FAE25}.Debug|Any CPU.ActiveCfg = Debug|Any CPU
		{A1B50714-B9D4-431F-8F3B-E98BCA2FAE25}.Debug|Any CPU.Build.0 = Debug|Any CPU
		{A1B50714-B9D4-431F-8F3B-E98BCA2FAE25}.Release|Any CPU.ActiveCfg = Release|Any CPU
		{A1B50714-B9D4-431F-8F3B-E98BCA2FAE25}.Release|Any CPU.Build.0 = Release|Any CPU
	EndGlobalSection
	GlobalSection(SolutionProperties) = preSolution
		HideSolutionNode = FALSE
	EndGlobalSection
	GlobalSection(ExtensibilityGlobals) = postSolution
		SolutionGuid = {6758A7DE-F2E5-4499-A1BC-07D40AEBCC4E}
	EndGlobalSection
EndGlobal
